
Microsoft Visual Studio Solution File, Format Version 12.00
# Visual Studio Version 16
VisualStudioVersion = 16.0.29709.97
MinimumVisualStudioVersion = 10.0.40219.1
Project("{FAE04EC0-301F-11D3-BF4B-00C04F79EFBC}") = "uSMU", "uSMU\uSMU.csproj", "{907824EE-A5D1-48B3-A4BC-8F98A2FD14C9}"
EndProject
Global
	GlobalSection(SolutionConfigurationPlatforms) = preSolution
		Debug|Any CPU = Debug|Any CPU
		Release|Any CPU = Release|Any CPU
	EndGlobalSection
	GlobalSection(ProjectConfigurationPlatforms) = postSolution
		{907824EE-A5D1-48B3-A4BC-8F98A2FD14C9}.Debug|Any CPU.ActiveCfg = Debug|Any CPU
		{907824EE-A5D1-48B3-A4BC-8F98A2FD14C9}.Debug|Any CPU.Build.0 = Debug|Any CPU
		{907824EE-A5D1-48B3-A4BC-8F98A2FD14C9}.Release|Any CPU.ActiveCfg = Release|Any CPU
		{907824EE-A5D1-48B3-A4BC-8F98A2FD14C9}.Release|Any CPU.Build.0 = Release|Any CPU
	EndGlobalSection
	GlobalSection(SolutionProperties) = preSolution
		HideSolutionNode = FALSE
	EndGlobalSection
	GlobalSection(ExtensibilityGlobals) = postSolution
		SolutionGuid = {CC1C18AE-FC42-4BF4-9CAD-35374D77B3EF}
	EndGlobalSection
EndGlobal
